
Microsoft Visual Studio Solution File, Format Version 12.00
# Visual Studio Version 16
VisualStudioVersion = 16.0.29403.142
MinimumVisualStudioVersion = 10.0.40219.1
Project("{FAE04EC0-301F-11D3-BF4B-00C04F79EFBC}") = "RW_ThePacifier", "RW_ThePacifier.csproj", "{C2154A75-F9C7-43DF-B08E-A2272464E7C0}"
EndProject
Global
	GlobalSection(SolutionConfigurationPlatforms) = preSolution
		Debug|Any CPU = Debug|Any CPU
		Release|Any CPU = Release|Any CPU
	EndGlobalSection
	GlobalSection(ProjectConfigurationPlatforms) = postSolution
		{C2154A75-F9C7-43DF-B08E-A2272464E7C0}.Debug|Any CPU.ActiveCfg = Debug|Any CPU
		{C2154A75-F9C7-43DF-B08E-A2272464E7C0}.Debug|Any CPU.Build.0 = Debug|Any CPU
		{C2154A75-F9C7-43DF-B08E-A2272464E7C0}.Release|Any CPU.ActiveCfg = Release|Any CPU
		{C2154A75-F9C7-43DF-B08E-A2272464E7C0}.Release|Any CPU.Build.0 = Release|Any CPU
	EndGlobalSection
	GlobalSection(SolutionProperties) = preSolution
		HideSolutionNode = FALSE
	EndGlobalSection
	GlobalSection(ExtensibilityGlobals) = postSolution
		SolutionGuid = {24611ED2-B737-45D7-BD9D-96EED65178F9}
	EndGlobalSection
EndGlobal
